{
  "requires": true,
  "lockfileVersion": 1,
  "dependencies": {
    "ping": {
      "version": "0.4.4",
      "resolved": "https://registry.npmjs.org/ping/-/ping-0.4.4.tgz",
      "integrity": "sha512-56ZMC0j7SCsMMLdOoUg12VZCfj/+ZO+yfOSjaNCRrmZZr6GLbN2X/Ui56T15dI8NhiHckaw5X2pvyfAomanwqQ=="
    }
  }
}
